// !$*UTF8*$!
{
	archiveVersion = 1;
	classes = {
	};
	objectVersion = 46;
	objects = {

/* Begin PBXBuildFile section */
		F812E1FC19A37320006B1A39 /* AppDelegate.swift in Sources */ = {isa = PBXBuildFile; fileRef = F812E1FB19A37320006B1A39 /* AppDelegate.swift */; };
		F812E1FE19A37320006B1A39 /* ViewController.swift in Sources */ = {isa = PBXBuildFile; fileRef = F812E1FD19A37320006B1A39 /* ViewController.swift */; };
		F812E20119A37320006B1A39 /* Main.storyboard in Resources */ = {isa = PBXBuildFile; fileRef = F812E1FF19A37320006B1A39 /* Main.storyboard */; };
		F812E20319A37320006B1A39 /* Images.xcassets in Resources */ = {isa = PBXBuildFile; fileRef = F812E20219A37320006B1A39 /* Images.xcassets */; };
		F812E20F19A37320006B1A39 /* demoTests.swift in Sources */ = {isa = PBXBuildFile; fileRef = F812E20E19A37320006B1A39 /* demoTests.swift */; };
		F81704A619A88B7F00E2273F /* detailViewController.swift in Sources */ = {isa = PBXBuildFile; fileRef = F81704A519A88B7F00E2273F /* detailViewController.swift */; };
		F81704A919A8922200E2273F /* map.tiff in Resources */ = {isa = PBXBuildFile; fileRef = F81704A819A8922200E2273F /* map.tiff */; };
		F882F2E119A9B9F1009E5253 /* date.tiff in Resources */ = {isa = PBXBuildFile; fileRef = F882F2DD19A9B9F1009E5253 /* date.tiff */; };
		F882F2E219A9B9F1009E5253 /* passager.tiff in Resources */ = {isa = PBXBuildFile; fileRef = F882F2DE19A9B9F1009E5253 /* passager.tiff */; };
		F882F2E319A9B9F1009E5253 /* pay.tiff in Resources */ = {isa = PBXBuildFile; fileRef = F882F2DF19A9B9F1009E5253 /* pay.tiff */; };
		F882F2E419A9B9F1009E5253 /* repeat.tiff in Resources */ = {isa = PBXBuildFile; fileRef = F882F2E019A9B9F1009E5253 /* repeat.tiff */; };
		F882F2E619A9BC43009E5253 /* button.tiff in Resources */ = {isa = PBXBuildFile; fileRef = F882F2E519A9BC43009E5253 /* button.tiff */; };
		F882F2E819A9BD27009E5253 /* button2.tiff in Resources */ = {isa = PBXBuildFile; fileRef = F882F2E719A9BD27009E5253 /* button2.tiff */; };
		F882F2EC19A9C301009E5253 /* UIViewController+BackButton.m in Sources */ = {isa = PBXBuildFile; fileRef = F882F2EB19A9C301009E5253 /* UIViewController+BackButton.m */; };
/* End PBXBuildFile section */

/* Begin PBXContainerItemProxy section */
		F812E20919A37320006B1A39 /* PBXContainerItemProxy */ = {
			isa = PBXContainerItemProxy;
			containerPortal = F812E1EE19A37320006B1A39 /* Project object */;
			proxyType = 1;
			remoteGlobalIDString = F812E1F519A37320006B1A39;
			remoteInfo = demo;
		};
/* End PBXContainerItemProxy section */

/* Begin PBXFileReference section */
		F812E1F619A37320006B1A39 /* demo.app */ = {isa = PBXFileReference; explicitFileType = wrapper.application; includeInIndex = 0; path = demo.app; sourceTree = BUILT_PRODUCTS_DIR; };
		F812E1FA19A37320006B1A39 /* Info.plist */ = {isa = PBXFileReference; lastKnownFileType = text.plist.xml; path = Info.plist; sourceTree = "<group>"; };
		F812E1FB19A37320006B1A39 /* AppDelegate.swift */ = {isa = PBXFileReference; lastKnownFileType = sourcecode.swift; path = AppDelegate.swift; sourceTree = "<group>"; };
		F812E1FD19A37320006B1A39 /* ViewController.swift */ = {isa = PBXFileReference; lastKnownFileType = sourcecode.swift; path = ViewController.swift; sourceTree = "<group>"; };
		F812E20019A37320006B1A39 /* Base */ = {isa = PBXFileReference; lastKnownFileType = file.storyboard; name = Base; path = Base.lproj/Main.storyboard; sourceTree = "<group>"; };
		F812E20219A37320006B1A39 /* Images.xcassets */ = {isa = PBXFileReference; lastKnownFileType = folder.assetcatalog; path = Images.xcassets; sourceTree = "<group>"; };
		F812E20819A37320006B1A39 /* demoTests.xctest */ = {isa = PBXFileReference; explicitFileType = wrapper.cfbundle; includeInIndex = 0; path = demoTests.xctest; sourceTree = BUILT_PRODUCTS_DIR; };
		F812E20D19A37320006B1A39 /* Info.plist */ = {isa = PBXFileReference; lastKnownFileType = text.plist.xml; path = Info.plist; sourceTree = "<group>"; };
		F812E20E19A37320006B1A39 /* demoTests.swift */ = {isa = PBXFileReference; lastKnownFileType = sourcecode.swift; path = demoTests.swift; sourceTree = "<group>"; };
		F81704A519A88B7F00E2273F /* detailViewController.swift */ = {isa = PBXFileReference; fileEncoding = 4; lastKnownFileType = sourcecode.swift; path = detailViewController.swift; sourceTree = "<group>"; };
		F81704A819A8922200E2273F /* map.tiff */ = {isa = PBXFileReference; lastKnownFileType = image.tiff; path = map.tiff; sourceTree = "<group>"; };
		F882F2DD19A9B9F1009E5253 /* date.tiff */ = {isa = PBXFileReference; lastKnownFileType = image.tiff; path = date.tiff; sourceTree = "<group>"; };
		F882F2DE19A9B9F1009E5253 /* passager.tiff */ = {isa = PBXFileReference; lastKnownFileType = image.tiff; path = passager.tiff; sourceTree = "<group>"; };
		F882F2DF19A9B9F1009E5253 /* pay.tiff */ = {isa = PBXFileReference; lastKnownFileType = image.tiff; path = pay.tiff; sourceTree = "<group>"; };
		F882F2E019A9B9F1009E5253 /* repeat.tiff */ = {isa = PBXFileReference; lastKnownFileType = image.tiff; path = repeat.tiff; sourceTree = "<group>"; };
		F882F2E519A9BC43009E5253 /* button.tiff */ = {isa = PBXFileReference; lastKnownFileType = image.tiff; path = button.tiff; sourceTree = "<group>"; };
		F882F2E719A9BD27009E5253 /* button2.tiff */ = {isa = PBXFileReference; lastKnownFileType = image.tiff; path = button2.tiff; sourceTree = "<group>"; };
		F882F2E919A9C300009E5253 /* demo-Bridging-Header.h */ = {isa = PBXFileReference; lastKnownFileType = sourcecode.c.h; path = "demo-Bridging-Header.h"; sourceTree = "<group>"; };
		F882F2EA19A9C301009E5253 /* UIViewController+BackButton.h */ = {isa = PBXFileReference; fileEncoding = 4; lastKnownFileType = sourcecode.c.h; path = "UIViewController+BackButton.h"; sourceTree = "<group>"; };
		F882F2EB19A9C301009E5253 /* UIViewController+BackButton.m */ = {isa = PBXFileReference; fileEncoding = 4; lastKnownFileType = sourcecode.c.objc; path = "UIViewController+BackButton.m"; sourceTree = "<group>"; };
/* End PBXFileReference section */

/* Begin PBXFrameworksBuildPhase section */
		F812E1F319A37320006B1A39 /* Frameworks */ = {
			isa = PBXFrameworksBuildPhase;
			buildActionMask = 2147483647;
			files = (
			);
			runOnlyForDeploymentPostprocessing = 0;
		};
		F812E20519A37320006B1A39 /* Frameworks */ = {
			isa = PBXFrameworksBuildPhase;
			buildActionMask = 2147483647;
			files = (
			);
			runOnlyForDeploymentPostprocessing = 0;
		};
/* End PBXFrameworksBuildPhase section */

/* Begin PBXGroup section */
		F812E1ED19A37320006B1A39 = {
			isa = PBXGroup;
			children = (
				F812E1F819A37320006B1A39 /* demo */,
				F812E20B19A37320006B1A39 /* demoTests */,
				F812E1F719A37320006B1A39 /* Products */,
			);
			sourceTree = "<group>";
		};
		F812E1F719A37320006B1A39 /* Products */ = {
			isa = PBXGroup;
			children = (
				F812E1F619A37320006B1A39 /* demo.app */,
				F812E20819A37320006B1A39 /* demoTests.xctest */,
			);
			name = Products;
			sourceTree = "<group>";
		};
		F812E1F819A37320006B1A39 /* demo */ = {
			isa = PBXGroup;
			children = (
				F882F2EA19A9C301009E5253 /* UIViewController+BackButton.h */,
				F882F2EB19A9C301009E5253 /* UIViewController+BackButton.m */,
				F81704A719A8920A00E2273F /* images */,
				F812E1FB19A37320006B1A39 /* AppDelegate.swift */,
				F812E1FD19A37320006B1A39 /* ViewController.swift */,
				F81704A519A88B7F00E2273F /* detailViewController.swift */,
				F812E1FF19A37320006B1A39 /* Main.storyboard */,
				F812E20219A37320006B1A39 /* Images.xcassets */,
				F812E1F919A37320006B1A39 /* Supporting Files */,
				F882F2E919A9C300009E5253 /* demo-Bridging-Header.h */,
			);
			path = demo;
			sourceTree = "<group>";
		};
		F812E1F919A37320006B1A39 /* Supporting Files */ = {
			isa = PBXGroup;
			children = (
				F812E1FA19A37320006B1A39 /* Info.plist */,
			);
			name = "Supporting Files";
			sourceTree = "<group>";
		};
		F812E20B19A37320006B1A39 /* demoTests */ = {
			isa = PBXGroup;
			children = (
				F812E20E19A37320006B1A39 /* demoTests.swift */,
				F812E20C19A37320006B1A39 /* Supporting Files */,
			);
			path = demoTests;
			sourceTree = "<group>";
		};
		F812E20C19A37320006B1A39 /* Supporting Files */ = {
			isa = PBXGroup;
			children = (
				F812E20D19A37320006B1A39 /* Info.plist */,
			);
			name = "Supporting Files";
			sourceTree = "<group>";
		};
		F81704A719A8920A00E2273F /* images */ = {
			isa = PBXGroup;
			children = (
				F882F2E719A9BD27009E5253 /* button2.tiff */,
				F882F2E519A9BC43009E5253 /* button.tiff */,
				F882F2DD19A9B9F1009E5253 /* date.tiff */,
				F882F2DE19A9B9F1009E5253 /* passager.tiff */,
				F882F2DF19A9B9F1009E5253 /* pay.tiff */,
				F882F2E019A9B9F1009E5253 /* repeat.tiff */,
				F81704A819A8922200E2273F /* map.tiff */,
			);
			name = images;
			sourceTree = "<group>";
		};
/* End PBXGroup section */

/* Begin PBXNativeTarget section */
		F812E1F519A37320006B1A39 /* demo */ = {
			isa = PBXNativeTarget;
			buildConfigurationList = F812E21219A37320006B1A39 /* Build configuration list for PBXNativeTarget "demo" */;
			buildPhases = (
				F812E1F219A37320006B1A39 /* Sources */,
				F812E1F319A37320006B1A39 /* Frameworks */,
				F812E1F419A37320006B1A39 /* Resources */,
			);
			buildRules = (
			);
			dependencies = (
			);
			name = demo;
			productName = demo;
			productReference = F812E1F619A37320006B1A39 /* demo.app */;
			productType = "com.apple.product-type.application";
		};
		F812E20719A37320006B1A39 /* demoTests */ = {
			isa = PBXNativeTarget;
			buildConfigurationList = F812E21519A37320006B1A39 /* Build configuration list for PBXNativeTarget "demoTests" */;
			buildPhases = (
				F812E20419A37320006B1A39 /* Sources */,
				F812E20519A37320006B1A39 /* Frameworks */,
				F812E20619A37320006B1A39 /* Resources */,
			);
			buildRules = (
			);
			dependencies = (
				F812E20A19A37320006B1A39 /* PBXTargetDependency */,
			);
			name = demoTests;
			productName = demoTests;
			productReference = F812E20819A37320006B1A39 /* demoTests.xctest */;
			productType = "com.apple.product-type.bundle.unit-test";
		};
/* End PBXNativeTarget section */

/* Begin PBXProject section */
		F812E1EE19A37320006B1A39 /* Project object */ = {
			isa = PBXProject;
			attributes = {
				LastUpgradeCheck = 0600;
				ORGANIZATIONNAME = star;
				TargetAttributes = {
					F812E1F519A37320006B1A39 = {
						CreatedOnToolsVersion = 6.0;
					};
					F812E20719A37320006B1A39 = {
						CreatedOnToolsVersion = 6.0;
						TestTargetID = F812E1F519A37320006B1A39;
					};
				};
			};
			buildConfigurationList = F812E1F119A37320006B1A39 /* Build configuration list for PBXProject "demo" */;
			compatibilityVersion = "Xcode 3.2";
			developmentRegion = English;
			hasScannedForEncodings = 0;
			knownRegions = (
				en,
				Base,
			);
			mainGroup = F812E1ED19A37320006B1A39;
			productRefGroup = F812E1F719A37320006B1A39 /* Products */;
			projectDirPath = "";
			projectRoot = "";
			targets = (
				F812E1F519A37320006B1A39 /* demo */,
				F812E20719A37320006B1A39 /* demoTests */,
			);
		};
/* End PBXProject section */

/* Begin PBXResourcesBuildPhase section */
		F812E1F419A37320006B1A39 /* Resources */ = {
			isa = PBXResourcesBuildPhase;
			buildActionMask = 2147483647;
			files = (
				F81704A919A8922200E2273F /* map.tiff in Resources */,
				F882F2E219A9B9F1009E5253 /* passager.tiff in Resources */,
				F882F2E419A9B9F1009E5253 /* repeat.tiff in Resources */,
				F812E20119A37320006B1A39 /* Main.storyboard in Resources */,
				F882F2E319A9B9F1009E5253 /* pay.tiff in Resources */,
				F882F2E119A9B9F1009E5253 /* date.tiff in Resources */,
				F882F2E619A9BC43009E5253 /* button.tiff in Resources */,
				F882F2E819A9BD27009E5253 /* button2.tiff in Resources */,
				F812E20319A37320006B1A39 /* Images.xcassets in Resources */,
			);
			runOnlyForDeploymentPostprocessing = 0;
		};
		F812E20619A37320006B1A39 /* Resources */ = {
			isa = PBXResourcesBuildPhase;
			buildActionMask = 2147483647;
			files = (
			);
			runOnlyForDeploymentPostprocessing = 0;
		};
/* End PBXResourcesBuildPhase section */

/* Begin PBXSourcesBuildPhase section */
		F812E1F219A37320006B1A39 /* Sources */ = {
			isa = PBXSourcesBuildPhase;
			buildActionMask = 2147483647;
			files = (
				F812E1FE19A37320006B1A39 /* ViewController.swift in Sources */,
				F882F2EC19A9C301009E5253 /* UIViewController+BackButton.m in Sources */,
				F812E1FC19A37320006B1A39 /* AppDelegate.swift in Sources */,
				F81704A619A88B7F00E2273F /* detailViewController.swift in Sources */,
			);
			runOnlyForDeploymentPostprocessing = 0;
		};
		F812E20419A37320006B1A39 /* Sources */ = {
			isa = PBXSourcesBuildPhase;
			buildActionMask = 2147483647;
			files = (
				F812E20F19A37320006B1A39 /* demoTests.swift in Sources */,
			);
			runOnlyForDeploymentPostprocessing = 0;
		};
/* End PBXSourcesBuildPhase section */

/* Begin PBXTargetDependency section */
		F812E20A19A37320006B1A39 /* PBXTargetDependency */ = {
			isa = PBXTargetDependency;
			target = F812E1F519A37320006B1A39 /* demo */;
			targetProxy = F812E20919A37320006B1A39 /* PBXContainerItemProxy */;
		};
/* End PBXTargetDependency section */

/* Begin PBXVariantGroup section */
		F812E1FF19A37320006B1A39 /* Main.storyboard */ = {
			isa = PBXVariantGroup;
			children = (
				F812E20019A37320006B1A39 /* Base */,
			);
			name = Main.storyboard;
			sourceTree = "<group>";
		};
/* End PBXVariantGroup section */

/* Begin XCBuildConfiguration section */
		F812E21019A37320006B1A39 /* Debug */ = {
			isa = XCBuildConfiguration;
			buildSettings = {
				ALWAYS_SEARCH_USER_PATHS = NO;
				CLANG_CXX_LANGUAGE_STANDARD = "gnu++0x";
				CLANG_CXX_LIBRARY = "libc++";
				CLANG_ENABLE_MODULES = YES;
				CLANG_ENABLE_OBJC_ARC = YES;
				CLANG_WARN_BOOL_CONVERSION = YES;
				CLANG_WARN_CONSTANT_CONVERSION = YES;
				CLANG_WARN_DIRECT_OBJC_ISA_USAGE = YES_ERROR;
				CLANG_WARN_EMPTY_BODY = YES;
				CLANG_WARN_ENUM_CONVERSION = YES;
				CLANG_WARN_INT_CONVERSION = YES;
				CLANG_WARN_OBJC_ROOT_CLASS = YES_ERROR;
				CLANG_WARN_UNREACHABLE_CODE = YES;
				CLANG_WARN__DUPLICATE_METHOD_MATCH = YES;
				"CODE_SIGN_IDENTITY[sdk=iphoneos*]" = "iPhone Developer";
				COPY_PHASE_STRIP = NO;
				ENABLE_STRICT_OBJC_MSGSEND = YES;
				GCC_C_LANGUAGE_STANDARD = gnu99;
				GCC_DYNAMIC_NO_PIC = NO;
				GCC_OPTIMIZATION_LEVEL = 0;
				GCC_PREPROCESSOR_DEFINITIONS = (
					"DEBUG=1",
					"$(inherited)",
				);
				GCC_SYMBOLS_PRIVATE_EXTERN = NO;
				GCC_WARN_64_TO_32_BIT_CONVERSION = YES;
				GCC_WARN_ABOUT_RETURN_TYPE = YES_ERROR;
				GCC_WARN_UNDECLARED_SELECTOR = YES;
				GCC_WARN_UNINITIALIZED_AUTOS = YES_AGGRESSIVE;
				GCC_WARN_UNUSED_FUNCTION = YES;
				GCC_WARN_UNUSED_VARIABLE = YES;
				IPHONEOS_DEPLOYMENT_TARGET = 8.0;
				MTL_ENABLE_DEBUG_INFO = YES;
				ONLY_ACTIVE_ARCH = YES;
				SDKROOT = iphoneos;
				SWIFT_OPTIMIZATION_LEVEL = "-Onone";
			};
			name = Debug;
		};
		F812E21119A37320006B1A39 /* Release */ = {
			isa = XCBuildConfiguration;
			buildSettings = {
				ALWAYS_SEARCH_USER_PATHS = NO;
				CLANG_CXX_LANGUAGE_STANDARD = "gnu++0x";
				CLANG_CXX_LIBRARY = "libc++";
				CLANG_ENABLE_MODULES = YES;
				CLANG_ENABLE_OBJC_ARC = YES;
				CLANG_WARN_BOOL_CONVERSION = YES;
				CLANG_WARN_CONSTANT_CONVERSION = YES;
				CLANG_WARN_DIRECT_OBJC_ISA_USAGE = YES_ERROR;
				CLANG_WARN_EMPTY_BODY = YES;
				CLANG_WARN_ENUM_CONVERSION = YES;
				CLANG_WARN_INT_CONVERSION = YES;
				CLANG_WARN_OBJC_ROOT_CLASS = YES_ERROR;
				CLANG_WARN_UNREACHABLE_CODE = YES;
				CLANG_WARN__DUPLICATE_METHOD_MATCH = YES;
				"CODE_SIGN_IDENTITY[sdk=iphoneos*]" = "iPhone Developer";
				COPY_PHASE_STRIP = YES;
				ENABLE_NS_ASSERTIONS = NO;
				ENABLE_STRICT_OBJC_MSGSEND = YES;
				GCC_C_LANGUAGE_STANDARD = gnu99;
				GCC_WARN_64_TO_32_BIT_CONVERSION = YES;
				GCC_WARN_ABOUT_RETURN_TYPE = YES_ERROR;
				GCC_WARN_UNDECLARED_SELECTOR = YES;
				GCC_WARN_UNINITIALIZED_AUTOS = YES_AGGRESSIVE;
				GCC_WARN_UNUSED_FUNCTION = YES;
				GCC_WARN_UNUSED_VARIABLE = YES;
				IPHONEOS_DEPLOYMENT_TARGET = 8.0;
				MTL_ENABLE_DEBUG_INFO = NO;
				SDKROOT = iphoneos;
				VALIDATE_PRODUCT = YES;
			};
			name = Release;
		};
		F812E21319A37320006B1A39 /* Debug */ = {
			isa = XCBuildConfiguration;
			buildSettings = {
				ASSETCATALOG_COMPILER_APPICON_NAME = AppIcon;
				ASSETCATALOG_COMPILER_LAUNCHIMAGE_NAME = LaunchImage;
				CLANG_ENABLE_MODULES = YES;
				INFOPLIST_FILE = demo/Info.plist;
				LD_RUNPATH_SEARCH_PATHS = "$(inherited) @executable_path/Frameworks";
				PRODUCT_NAME = "$(TARGET_NAME)";
				SWIFT_OBJC_BRIDGING_HEADER = "demo/demo-Bridging-Header.h";
				SWIFT_OPTIMIZATION_LEVEL = "-Onone";
			};
			name = Debug;
		};
		F812E21419A37320006B1A39 /* Release */ = {
			isa = XCBuildConfiguration;
			buildSettings = {
				ASSETCATALOG_COMPILER_APPICON_NAME = AppIcon;
				ASSETCATALOG_COMPILER_LAUNCHIMAGE_NAME = LaunchImage;
				CLANG_ENABLE_MODULES = YES;
				INFOPLIST_FILE = demo/Info.plist;
				LD_RUNPATH_SEARCH_PATHS = "$(inherited) @executable_path/Frameworks";
				PRODUCT_NAME = "$(TARGET_NAME)";
				SWIFT_OBJC_BRIDGING_HEADER = "demo/demo-Bridging-Header.h";
			};
			name = Release;
		};
		F812E21619A37320006B1A39 /* Debug */ = {
			isa = XCBuildConfiguration;
			buildSettings = {
				BUNDLE_LOADER = "$(TEST_HOST)";
				FRAMEWORK_SEARCH_PATHS = (
					"$(SDKROOT)/Developer/Library/Frameworks",
					"$(inherited)",
				);
				GCC_PREPROCESSOR_DEFINITIONS = (
					"DEBUG=1",
					"$(inherited)",
				);
				INFOPLIST_FILE = demoTests/Info.plist;
				LD_RUNPATH_SEARCH_PATHS = "$(inherited) @executable_path/Frameworks @loader_path/Frameworks";
				PRODUCT_NAME = "$(TARGET_NAME)";
				TEST_HOST = "$(BUILT_PRODUCTS_DIR)/demo.app/demo";
			};
			name = Debug;
		};
		F812E21719A37320006B1A39 /* Release */ = {
			isa = XCBuildConfiguration;
			buildSettings = {
				BUNDLE_LOADER = "$(TEST_HOST)";
				FRAMEWORK_SEARCH_PATHS = (
					"$(SDKROOT)/Developer/Library/Frameworks",
					"$(inherited)",
				);
				INFOPLIST_FILE = demoTests/Info.plist;
				LD_RUNPATH_SEARCH_PATHS = "$(inherited) @executable_path/Frameworks @loader_path/Frameworks";
				PRODUCT_NAME = "$(TARGET_NAME)";
				TEST_HOST = "$(BUILT_PRODUCTS_DIR)/demo.app/demo";
			};
			name = Release;
		};
/* End XCBuildConfiguration section */

/* Begin XCConfigurationList section */
		F812E1F119A37320006B1A39 /* Build configuration list for PBXProject "demo" */ = {
			isa = XCConfigurationList;
			buildConfigurations = (
				F812E21019A37320006B1A39 /* Debug */,
				F812E21119A37320006B1A39 /* Release */,
			);
			defaultConfigurationIsVisible = 0;
			defaultConfigurationName = Release;
		};
		F812E21219A37320006B1A39 /* Build configuration list for PBXNativeTarget "demo" */ = {
			isa = XCConfigurationList;
			buildConfigurations = (
				F812E21319A37320006B1A39 /* Debug */,
				F812E21419A37320006B1A39 /* Release */,
			);
			defaultConfigurationIsVisible = 0;
			defaultConfigurationName = Release;
		};
		F812E21519A37320006B1A39 /* Build configuration list for PBXNativeTarget "demoTests" */ = {
			isa = XCConfigurationList;
			buildConfigurations = (
				F812E21619A37320006B1A39 /* Debug */,
				F812E21719A37320006B1A39 /* Release */,
			);
			defaultConfigurationIsVisible = 0;
			defaultConfigurationName = Release;
		};
/* End XCConfigurationList section */
	};
	rootObject = F812E1EE19A37320006B1A39 /* Project object */;
}
